// !$*UTF8*$!
{
	archiveVersion = 1;
	classes = {
	};
	objectVersion = 56;
	objects = {

/* Begin PBXBuildFile section */
		A2AEB66B29B2FC720050C235 /* SwiftUIBootcampApp.swift in Sources */ = {isa = PBXBuildFile; fileRef = A2AEB66A29B2FC720050C235 /* SwiftUIBootcampApp.swift */; };
		A2AEB66D29B2FC720050C235 /* ContentView.swift in Sources */ = {isa = PBXBuildFile; fileRef = A2AEB66C29B2FC720050C235 /* ContentView.swift */; };
		A2AEB67229B2FC730050C235 /* Preview Assets.xcassets in Resources */ = {isa = PBXBuildFile; fileRef = A2AEB67129B2FC730050C235 /* Preview Assets.xcassets */; };
		A2AEB67429B2FC730050C235 /* Persistence.swift in Sources */ = {isa = PBXBuildFile; fileRef = A2AEB67329B2FC730050C235 /* Persistence.swift */; };
		A2AEB67729B2FC730050C235 /* SwiftUIBootcamp.xcdatamodeld in Sources */ = {isa = PBXBuildFile; fileRef = A2AEB67529B2FC730050C235 /* SwiftUIBootcamp.xcdatamodeld */; };
		A2AEB68129B2FC730050C235 /* SwiftUIBootcampTests.swift in Sources */ = {isa = PBXBuildFile; fileRef = A2AEB68029B2FC730050C235 /* SwiftUIBootcampTests.swift */; };
		A2AEB68B29B2FC730050C235 /* SwiftUIBootcampUITests.swift in Sources */ = {isa = PBXBuildFile; fileRef = A2AEB68A29B2FC730050C235 /* SwiftUIBootcampUITests.swift */; };
		A2AEB68D29B2FC730050C235 /* SwiftUIBootcampUITestsLaunchTests.swift in Sources */ = {isa = PBXBuildFile; fileRef = A2AEB68C29B2FC730050C235 /* SwiftUIBootcampUITestsLaunchTests.swift */; };
		A2CAF73D29C15C8100424659 /* Assets.xcassets in Resources */ = {isa = PBXBuildFile; fileRef = A2CAF73C29C15C8100424659 /* Assets.xcassets */; };
		A2CAF74229C15E9400424659 /* Location.swift in Sources */ = {isa = PBXBuildFile; fileRef = A2CAF74129C15E9400424659 /* Location.swift */; };
		A2CAF74529C15F1400424659 /* LocationsDataService.swift in Sources */ = {isa = PBXBuildFile; fileRef = A2CAF74429C15F1400424659 /* LocationsDataService.swift */; };
		A2CAF74729C2F27400424659 /* LocationView.swift in Sources */ = {isa = PBXBuildFile; fileRef = A2CAF74629C2F27400424659 /* LocationView.swift */; };
		A2CAF74929C2F57100424659 /* LocationViewModel.swift in Sources */ = {isa = PBXBuildFile; fileRef = A2CAF74829C2F57100424659 /* LocationViewModel.swift */; };
		A2CAF74B29C313E400424659 /* LocationListView.swift in Sources */ = {isa = PBXBuildFile; fileRef = A2CAF74A29C313E400424659 /* LocationListView.swift */; };
		A2CAF74D29C3205F00424659 /* LocationReviewView.swift in Sources */ = {isa = PBXBuildFile; fileRef = A2CAF74C29C3205F00424659 /* LocationReviewView.swift */; };
		A2EA69E529C40B580035E40E /* LocationMapAnnotationView.swift in Sources */ = {isa = PBXBuildFile; fileRef = A2EA69E429C40B580035E40E /* LocationMapAnnotationView.swift */; };
/* End PBXBuildFile section */

/* Begin PBXContainerItemProxy section */
		A2AEB67D29B2FC730050C235 /* PBXContainerItemProxy */ = {
			isa = PBXContainerItemProxy;
			containerPortal = A2AEB65F29B2FC720050C235 /* Project object */;
			proxyType = 1;
			remoteGlobalIDString = A2AEB66629B2FC720050C235;
			remoteInfo = SwiftUIBootcamp;
		};
		A2AEB68729B2FC730050C235 /* PBXContainerItemProxy */ = {
			isa = PBXContainerItemProxy;
			containerPortal = A2AEB65F29B2FC720050C235 /* Project object */;
			proxyType = 1;
			remoteGlobalIDString = A2AEB66629B2FC720050C235;
			remoteInfo = SwiftUIBootcamp;
		};
/* End PBXContainerItemProxy section */

/* Begin PBXFileReference section */
		A2AEB66729B2FC720050C235 /* SwiftUIBootcamp.app */ = {isa = PBXFileReference; explicitFileType = wrapper.application; includeInIndex = 0; path = SwiftUIBootcamp.app; sourceTree = BUILT_PRODUCTS_DIR; };
		A2AEB66A29B2FC720050C235 /* SwiftUIBootcampApp.swift */ = {isa = PBXFileReference; lastKnownFileType = sourcecode.swift; path = SwiftUIBootcampApp.swift; sourceTree = "<group>"; };
		A2AEB66C29B2FC720050C235 /* ContentView.swift */ = {isa = PBXFileReference; lastKnownFileType = sourcecode.swift; path = ContentView.swift; sourceTree = "<group>"; };
		A2AEB67129B2FC730050C235 /* Preview Assets.xcassets */ = {isa = PBXFileReference; lastKnownFileType = folder.assetcatalog; path = "Preview Assets.xcassets"; sourceTree = "<group>"; };
		A2AEB67329B2FC730050C235 /* Persistence.swift */ = {isa = PBXFileReference; lastKnownFileType = sourcecode.swift; path = Persistence.swift; sourceTree = "<group>"; };
		A2AEB67629B2FC730050C235 /* SwiftUIBootcamp.xcdatamodel */ = {isa = PBXFileReference; lastKnownFileType = wrapper.xcdatamodel; path = SwiftUIBootcamp.xcdatamodel; sourceTree = "<group>"; };
		A2AEB67C29B2FC730050C235 /* SwiftUIBootcampTests.xctest */ = {isa = PBXFileReference; explicitFileType = wrapper.cfbundle; includeInIndex = 0; path = SwiftUIBootcampTests.xctest; sourceTree = BUILT_PRODUCTS_DIR; };
		A2AEB68029B2FC730050C235 /* SwiftUIBootcampTests.swift */ = {isa = PBXFileReference; lastKnownFileType = sourcecode.swift; path = SwiftUIBootcampTests.swift; sourceTree = "<group>"; };
		A2AEB68629B2FC730050C235 /* SwiftUIBootcampUITests.xctest */ = {isa = PBXFileReference; explicitFileType = wrapper.cfbundle; includeInIndex = 0; path = SwiftUIBootcampUITests.xctest; sourceTree = BUILT_PRODUCTS_DIR; };
		A2AEB68A29B2FC730050C235 /* SwiftUIBootcampUITests.swift */ = {isa = PBXFileReference; lastKnownFileType = sourcecode.swift; path = SwiftUIBootcampUITests.swift; sourceTree = "<group>"; };
		A2AEB68C29B2FC730050C235 /* SwiftUIBootcampUITestsLaunchTests.swift */ = {isa = PBXFileReference; lastKnownFileType = sourcecode.swift; path = SwiftUIBootcampUITestsLaunchTests.swift; sourceTree = "<group>"; };
		A2CAF73C29C15C8100424659 /* Assets.xcassets */ = {isa = PBXFileReference; lastKnownFileType = folder.assetcatalog; path = Assets.xcassets; sourceTree = "<group>"; };
		A2CAF74129C15E9400424659 /* Location.swift */ = {isa = PBXFileReference; lastKnownFileType = sourcecode.swift; path = Location.swift; sourceTree = "<group>"; };
		A2CAF74429C15F1400424659 /* LocationsDataService.swift */ = {isa = PBXFileReference; fileEncoding = 4; lastKnownFileType = sourcecode.swift; path = LocationsDataService.swift; sourceTree = "<group>"; };
		A2CAF74629C2F27400424659 /* LocationView.swift */ = {isa = PBXFileReference; lastKnownFileType = sourcecode.swift; path = LocationView.swift; sourceTree = "<group>"; };
		A2CAF74829C2F57100424659 /* LocationViewModel.swift */ = {isa = PBXFileReference; lastKnownFileType = sourcecode.swift; path = LocationViewModel.swift; sourceTree = "<group>"; };
		A2CAF74A29C313E400424659 /* LocationListView.swift */ = {isa = PBXFileReference; lastKnownFileType = sourcecode.swift; path = LocationListView.swift; sourceTree = "<group>"; };
		A2CAF74C29C3205F00424659 /* LocationReviewView.swift */ = {isa = PBXFileReference; lastKnownFileType = sourcecode.swift; path = LocationReviewView.swift; sourceTree = "<group>"; };
		A2EA69E429C40B580035E40E /* LocationMapAnnotationView.swift */ = {isa = PBXFileReference; lastKnownFileType = sourcecode.swift; path = LocationMapAnnotationView.swift; sourceTree = "<group>"; };
/* End PBXFileReference section */

/* Begin PBXFrameworksBuildPhase section */
		A2AEB66429B2FC720050C235 /* Frameworks */ = {
			isa = PBXFrameworksBuildPhase;
			buildActionMask = 2147483647;
			files = (
			);
			runOnlyForDeploymentPostprocessing = 0;
		};
		A2AEB67929B2FC730050C235 /* Frameworks */ = {
			isa = PBXFrameworksBuildPhase;
			buildActionMask = 2147483647;
			files = (
			);
			runOnlyForDeploymentPostprocessing = 0;
		};
		A2AEB68329B2FC730050C235 /* Frameworks */ = {
			isa = PBXFrameworksBuildPhase;
			buildActionMask = 2147483647;
			files = (
			);
			runOnlyForDeploymentPostprocessing = 0;
		};
/* End PBXFrameworksBuildPhase section */

/* Begin PBXGroup section */
		A2AEB65E29B2FC720050C235 = {
			isa = PBXGroup;
			children = (
				A2AEB66929B2FC720050C235 /* SwiftUIBootcamp */,
				A2AEB67F29B2FC730050C235 /* SwiftUIBootcampTests */,
				A2AEB68929B2FC730050C235 /* SwiftUIBootcampUITests */,
				A2AEB66829B2FC720050C235 /* Products */,
			);
			sourceTree = "<group>";
		};
		A2AEB66829B2FC720050C235 /* Products */ = {
			isa = PBXGroup;
			children = (
				A2AEB66729B2FC720050C235 /* SwiftUIBootcamp.app */,
				A2AEB67C29B2FC730050C235 /* SwiftUIBootcampTests.xctest */,
				A2AEB68629B2FC730050C235 /* SwiftUIBootcampUITests.xctest */,
			);
			name = Products;
			sourceTree = "<group>";
		};
		A2AEB66929B2FC720050C235 /* SwiftUIBootcamp */ = {
			isa = PBXGroup;
			children = (
				A2AEB66A29B2FC720050C235 /* SwiftUIBootcampApp.swift */,
				A2AEB66C29B2FC720050C235 /* ContentView.swift */,
				A2AEB67329B2FC730050C235 /* Persistence.swift */,
				A2CAF73C29C15C8100424659 /* Assets.xcassets */,
				A2AEB67529B2FC730050C235 /* SwiftUIBootcamp.xcdatamodeld */,
				A2CAF74329C15EE200424659 /* DataServices */,
				A2CAF73E29C15DA700424659 /* Views */,
				A2CAF73F29C15DB200424659 /* ViewModels */,
				A2CAF74029C15DBC00424659 /* Models */,
				A2AEB67029B2FC730050C235 /* Preview Content */,
			);
			path = SwiftUIBootcamp;
			sourceTree = "<group>";
		};
		A2AEB67029B2FC730050C235 /* Preview Content */ = {
			isa = PBXGroup;
			children = (
				A2AEB67129B2FC730050C235 /* Preview Assets.xcassets */,
			);
			path = "Preview Content";
			sourceTree = "<group>";
		};
		A2AEB67F29B2FC730050C235 /* SwiftUIBootcampTests */ = {
			isa = PBXGroup;
			children = (
				A2AEB68029B2FC730050C235 /* SwiftUIBootcampTests.swift */,
			);
			path = SwiftUIBootcampTests;
			sourceTree = "<group>";
		};
		A2AEB68929B2FC730050C235 /* SwiftUIBootcampUITests */ = {
			isa = PBXGroup;
			children = (
				A2AEB68A29B2FC730050C235 /* SwiftUIBootcampUITests.swift */,
				A2AEB68C29B2FC730050C235 /* SwiftUIBootcampUITestsLaunchTests.swift */,
			);
			path = SwiftUIBootcampUITests;
			sourceTree = "<group>";
		};
		A2CAF73E29C15DA700424659 /* Views */ = {
			isa = PBXGroup;
			children = (
				A2CAF74629C2F27400424659 /* LocationView.swift */,
				A2CAF74A29C313E400424659 /* LocationListView.swift */,
				A2CAF74C29C3205F00424659 /* LocationReviewView.swift */,
				A2EA69E429C40B580035E40E /* LocationMapAnnotationView.swift */,
			);
			path = Views;
			sourceTree = "<group>";
		};
		A2CAF73F29C15DB200424659 /* ViewModels */ = {
			isa = PBXGroup;
			children = (
				A2CAF74829C2F57100424659 /* LocationViewModel.swift */,
			);
			path = ViewModels;
			sourceTree = "<group>";
		};
		A2CAF74029C15DBC00424659 /* Models */ = {
			isa = PBXGroup;
			children = (
				A2CAF74129C15E9400424659 /* Location.swift */,
			);
			path = Models;
			sourceTree = "<group>";
		};
		A2CAF74329C15EE200424659 /* DataServices */ = {
			isa = PBXGroup;
			children = (
				A2CAF74429C15F1400424659 /* LocationsDataService.swift */,
			);
			path = DataServices;
			sourceTree = "<group>";
		};
/* End PBXGroup section */

/* Begin PBXNativeTarget section */
		A2AEB66629B2FC720050C235 /* SwiftUIBootcamp */ = {
			isa = PBXNativeTarget;
			buildConfigurationList = A2AEB69029B2FC730050C235 /* Build configuration list for PBXNativeTarget "SwiftUIBootcamp" */;
			buildPhases = (
				A2AEB66329B2FC720050C235 /* Sources */,
				A2AEB66429B2FC720050C235 /* Frameworks */,
				A2AEB66529B2FC720050C235 /* Resources */,
			);
			buildRules = (
			);
			dependencies = (
			);
			name = SwiftUIBootcamp;
			productName = SwiftUIBootcamp;
			productReference = A2AEB66729B2FC720050C235 /* SwiftUIBootcamp.app */;
			productType = "com.apple.product-type.application";
		};
		A2AEB67B29B2FC730050C235 /* SwiftUIBootcampTests */ = {
			isa = PBXNativeTarget;
			buildConfigurationList = A2AEB69329B2FC730050C235 /* Build configuration list for PBXNativeTarget "SwiftUIBootcampTests" */;
			buildPhases = (
				A2AEB67829B2FC730050C235 /* Sources */,
				A2AEB67929B2FC730050C235 /* Frameworks */,
				A2AEB67A29B2FC730050C235 /* Resources */,
			);
			buildRules = (
			);
			dependencies = (
				A2AEB67E29B2FC730050C235 /* PBXTargetDependency */,
			);
			name = SwiftUIBootcampTests;
			productName = SwiftUIBootcampTests;
			productReference = A2AEB67C29B2FC730050C235 /* SwiftUIBootcampTests.xctest */;
			productType = "com.apple.product-type.bundle.unit-test";
		};
		A2AEB68529B2FC730050C235 /* SwiftUIBootcampUITests */ = {
			isa = PBXNativeTarget;
			buildConfigurationList = A2AEB69629B2FC730050C235 /* Build configuration list for PBXNativeTarget "SwiftUIBootcampUITests" */;
			buildPhases = (
				A2AEB68229B2FC730050C235 /* Sources */,
				A2AEB68329B2FC730050C235 /* Frameworks */,
				A2AEB68429B2FC730050C235 /* Resources */,
			);
			buildRules = (
			);
			dependencies = (
				A2AEB68829B2FC730050C235 /* PBXTargetDependency */,
			);
			name = SwiftUIBootcampUITests;
			productName = SwiftUIBootcampUITests;
			productReference = A2AEB68629B2FC730050C235 /* SwiftUIBootcampUITests.xctest */;
			productType = "com.apple.product-type.bundle.ui-testing";
		};
/* End PBXNativeTarget section */

/* Begin PBXProject section */
		A2AEB65F29B2FC720050C235 /* Project object */ = {
			isa = PBXProject;
			attributes = {
				BuildIndependentTargetsInParallel = 1;
				LastSwiftUpdateCheck = 1420;
				LastUpgradeCheck = 1420;
				TargetAttributes = {
					A2AEB66629B2FC720050C235 = {
						CreatedOnToolsVersion = 14.2;
					};
					A2AEB67B29B2FC730050C235 = {
						CreatedOnToolsVersion = 14.2;
						TestTargetID = A2AEB66629B2FC720050C235;
					};
					A2AEB68529B2FC730050C235 = {
						CreatedOnToolsVersion = 14.2;
						TestTargetID = A2AEB66629B2FC720050C235;
					};
				};
			};
			buildConfigurationList = A2AEB66229B2FC720050C235 /* Build configuration list for PBXProject "SwiftUIBootcamp" */;
			compatibilityVersion = "Xcode 14.0";
			developmentRegion = en;
			hasScannedForEncodings = 0;
			knownRegions = (
				en,
				Base,
			);
			mainGroup = A2AEB65E29B2FC720050C235;
			productRefGroup = A2AEB66829B2FC720050C235 /* Products */;
			projectDirPath = "";
			projectRoot = "";
			targets = (
				A2AEB66629B2FC720050C235 /* SwiftUIBootcamp */,
				A2AEB67B29B2FC730050C235 /* SwiftUIBootcampTests */,
				A2AEB68529B2FC730050C235 /* SwiftUIBootcampUITests */,
			);
		};
/* End PBXProject section */

/* Begin PBXResourcesBuildPhase section */
		A2AEB66529B2FC720050C235 /* Resources */ = {
			isa = PBXResourcesBuildPhase;
			buildActionMask = 2147483647;
			files = (
				A2CAF73D29C15C8100424659 /* Assets.xcassets in Resources */,
				A2AEB67229B2FC730050C235 /* Preview Assets.xcassets in Resources */,
			);
			runOnlyForDeploymentPostprocessing = 0;
		};
		A2AEB67A29B2FC730050C235 /* Resources */ = {
			isa = PBXResourcesBuildPhase;
			buildActionMask = 2147483647;
			files = (
			);
			runOnlyForDeploymentPostprocessing = 0;
		};
		A2AEB68429B2FC730050C235 /* Resources */ = {
			isa = PBXResourcesBuildPhase;
			buildActionMask = 2147483647;
			files = (
			);
			runOnlyForDeploymentPostprocessing = 0;
		};
/* End PBXResourcesBuildPhase section */

/* Begin PBXSourcesBuildPhase section */
		A2AEB66329B2FC720050C235 /* Sources */ = {
			isa = PBXSourcesBuildPhase;
			buildActionMask = 2147483647;
			files = (
				A2CAF74B29C313E400424659 /* LocationListView.swift in Sources */,
				A2AEB67729B2FC730050C235 /* SwiftUIBootcamp.xcdatamodeld in Sources */,
				A2AEB67429B2FC730050C235 /* Persistence.swift in Sources */,
				A2CAF74D29C3205F00424659 /* LocationReviewView.swift in Sources */,
				A2CAF74529C15F1400424659 /* LocationsDataService.swift in Sources */,
				A2CAF74229C15E9400424659 /* Location.swift in Sources */,
				A2CAF74729C2F27400424659 /* LocationView.swift in Sources */,
				A2AEB66D29B2FC720050C235 /* ContentView.swift in Sources */,
				A2AEB66B29B2FC720050C235 /* SwiftUIBootcampApp.swift in Sources */,
				A2CAF74929C2F57100424659 /* LocationViewModel.swift in Sources */,
				A2EA69E529C40B580035E40E /* LocationMapAnnotationView.swift in Sources */,
			);
			runOnlyForDeploymentPostprocessing = 0;
		};
		A2AEB67829B2FC730050C235 /* Sources */ = {
			isa = PBXSourcesBuildPhase;
			buildActionMask = 2147483647;
			files = (
				A2AEB68129B2FC730050C235 /* SwiftUIBootcampTests.swift in Sources */,
			);
			runOnlyForDeploymentPostprocessing = 0;
		};
		A2AEB68229B2FC730050C235 /* Sources */ = {
			isa = PBXSourcesBuildPhase;
			buildActionMask = 2147483647;
			files = (
				A2AEB68B29B2FC730050C235 /* SwiftUIBootcampUITests.swift in Sources */,
				A2AEB68D29B2FC730050C235 /* SwiftUIBootcampUITestsLaunchTests.swift in Sources */,
			);
			runOnlyForDeploymentPostprocessing = 0;
		};
/* End PBXSourcesBuildPhase section */

/* Begin PBXTargetDependency section */
		A2AEB67E29B2FC730050C235 /* PBXTargetDependency */ = {
			isa = PBXTargetDependency;
			target = A2AEB66629B2FC720050C235 /* SwiftUIBootcamp */;
			targetProxy = A2AEB67D29B2FC730050C235 /* PBXContainerItemProxy */;
		};
		A2AEB68829B2FC730050C235 /* PBXTargetDependency */ = {
			isa = PBXTargetDependency;
			target = A2AEB66629B2FC720050C235 /* SwiftUIBootcamp */;
			targetProxy = A2AEB68729B2FC730050C235 /* PBXContainerItemProxy */;
		};
/* End PBXTargetDependency section */

/* Begin XCBuildConfiguration section */
		A2AEB68E29B2FC730050C235 /* Debug */ = {
			isa = XCBuildConfiguration;
			buildSettings = {
				ALWAYS_SEARCH_USER_PATHS = NO;
				CLANG_ANALYZER_NONNULL = YES;
				CLANG_ANALYZER_NUMBER_OBJECT_CONVERSION = YES_AGGRESSIVE;
				CLANG_CXX_LANGUAGE_STANDARD = "gnu++20";
				CLANG_ENABLE_MODULES = YES;
				CLANG_ENABLE_OBJC_ARC = YES;
				CLANG_ENABLE_OBJC_WEAK = YES;
				CLANG_WARN_BLOCK_CAPTURE_AUTORELEASING = YES;
				CLANG_WARN_BOOL_CONVERSION = YES;
				CLANG_WARN_COMMA = YES;
				CLANG_WARN_CONSTANT_CONVERSION = YES;
				CLANG_WARN_DEPRECATED_OBJC_IMPLEMENTATIONS = YES;
				CLANG_WARN_DIRECT_OBJC_ISA_USAGE = YES_ERROR;
				CLANG_WARN_DOCUMENTATION_COMMENTS = YES;
				CLANG_WARN_EMPTY_BODY = YES;
				CLANG_WARN_ENUM_CONVERSION = YES;
				CLANG_WARN_INFINITE_RECURSION = YES;
				CLANG_WARN_INT_CONVERSION = YES;
				CLANG_WARN_NON_LITERAL_NULL_CONVERSION = YES;
				CLANG_WARN_OBJC_IMPLICIT_RETAIN_SELF = YES;
				CLANG_WARN_OBJC_LITERAL_CONVERSION = YES;
				CLANG_WARN_OBJC_ROOT_CLASS = YES_ERROR;
				CLANG_WARN_QUOTED_INCLUDE_IN_FRAMEWORK_HEADER = YES;
				CLANG_WARN_RANGE_LOOP_ANALYSIS = YES;
				CLANG_WARN_STRICT_PROTOTYPES = YES;
				CLANG_WARN_SUSPICIOUS_MOVE = YES;
				CLANG_WARN_UNGUARDED_AVAILABILITY = YES_AGGRESSIVE;
				CLANG_WARN_UNREACHABLE_CODE = YES;
				CLANG_WARN__DUPLICATE_METHOD_MATCH = YES;
				COPY_PHASE_STRIP = NO;
				DEBUG_INFORMATION_FORMAT = dwarf;
				ENABLE_STRICT_OBJC_MSGSEND = YES;
				ENABLE_TESTABILITY = YES;
				GCC_C_LANGUAGE_STANDARD = gnu11;
				GCC_DYNAMIC_NO_PIC = NO;
				GCC_NO_COMMON_BLOCKS = YES;
				GCC_OPTIMIZATION_LEVEL = 0;
				GCC_PREPROCESSOR_DEFINITIONS = (
					"DEBUG=1",
					"$(inherited)",
				);
				GCC_WARN_64_TO_32_BIT_CONVERSION = YES;
				GCC_WARN_ABOUT_RETURN_TYPE = YES_ERROR;
				GCC_WARN_UNDECLARED_SELECTOR = YES;
				GCC_WARN_UNINITIALIZED_AUTOS = YES_AGGRESSIVE;
				GCC_WARN_UNUSED_FUNCTION = YES;
				GCC_WARN_UNUSED_VARIABLE = YES;
				IPHONEOS_DEPLOYMENT_TARGET = 16.2;
				MTL_ENABLE_DEBUG_INFO = INCLUDE_SOURCE;
				MTL_FAST_MATH = YES;
				ONLY_ACTIVE_ARCH = YES;
				SDKROOT = iphoneos;
				SWIFT_ACTIVE_COMPILATION_CONDITIONS = DEBUG;
				SWIFT_OPTIMIZATION_LEVEL = "-Onone";
			};
			name = Debug;
		};
		A2AEB68F29B2FC730050C235 /* Release */ = {
			isa = XCBuildConfiguration;
			buildSettings = {
				ALWAYS_SEARCH_USER_PATHS = NO;
				CLANG_ANALYZER_NONNULL = YES;
				CLANG_ANALYZER_NUMBER_OBJECT_CONVERSION = YES_AGGRESSIVE;
				CLANG_CXX_LANGUAGE_STANDARD = "gnu++20";
				CLANG_ENABLE_MODULES = YES;
				CLANG_ENABLE_OBJC_ARC = YES;
				CLANG_ENABLE_OBJC_WEAK = YES;
				CLANG_WARN_BLOCK_CAPTURE_AUTORELEASING = YES;
				CLANG_WARN_BOOL_CONVERSION = YES;
				CLANG_WARN_COMMA = YES;
				CLANG_WARN_CONSTANT_CONVERSION = YES;
				CLANG_WARN_DEPRECATED_OBJC_IMPLEMENTATIONS = YES;
				CLANG_WARN_DIRECT_OBJC_ISA_USAGE = YES_ERROR;
				CLANG_WARN_DOCUMENTATION_COMMENTS = YES;
				CLANG_WARN_EMPTY_BODY = YES;
				CLANG_WARN_ENUM_CONVERSION = YES;
				CLANG_WARN_INFINITE_RECURSION = YES;
				CLANG_WARN_INT_CONVERSION = YES;
				CLANG_WARN_NON_LITERAL_NULL_CONVERSION = YES;
				CLANG_WARN_OBJC_IMPLICIT_RETAIN_SELF = YES;
				CLANG_WARN_OBJC_LITERAL_CONVERSION = YES;
				CLANG_WARN_OBJC_ROOT_CLASS = YES_ERROR;
				CLANG_WARN_QUOTED_INCLUDE_IN_FRAMEWORK_HEADER = YES;
				CLANG_WARN_RANGE_LOOP_ANALYSIS = YES;
				CLANG_WARN_STRICT_PROTOTYPES = YES;
				CLANG_WARN_SUSPICIOUS_MOVE = YES;
				CLANG_WARN_UNGUARDED_AVAILABILITY = YES_AGGRESSIVE;
				CLANG_WARN_UNREACHABLE_CODE = YES;
				CLANG_WARN__DUPLICATE_METHOD_MATCH = YES;
				COPY_PHASE_STRIP = NO;
				DEBUG_INFORMATION_FORMAT = "dwarf-with-dsym";
				ENABLE_NS_ASSERTIONS = NO;
				ENABLE_STRICT_OBJC_MSGSEND = YES;
				GCC_C_LANGUAGE_STANDARD = gnu11;
				GCC_NO_COMMON_BLOCKS = YES;
				GCC_WARN_64_TO_32_BIT_CONVERSION = YES;
				GCC_WARN_ABOUT_RETURN_TYPE = YES_ERROR;
				GCC_WARN_UNDECLARED_SELECTOR = YES;
				GCC_WARN_UNINITIALIZED_AUTOS = YES_AGGRESSIVE;
				GCC_WARN_UNUSED_FUNCTION = YES;
				GCC_WARN_UNUSED_VARIABLE = YES;
				IPHONEOS_DEPLOYMENT_TARGET = 16.2;
				MTL_ENABLE_DEBUG_INFO = NO;
				MTL_FAST_MATH = YES;
				SDKROOT = iphoneos;
				SWIFT_COMPILATION_MODE = wholemodule;
				SWIFT_OPTIMIZATION_LEVEL = "-O";
				VALIDATE_PRODUCT = YES;
			};
			name = Release;
		};
		A2AEB69129B2FC730050C235 /* Debug */ = {
			isa = XCBuildConfiguration;
			buildSettings = {
				ASSETCATALOG_COMPILER_APPICON_NAME = AppIcon;
				ASSETCATALOG_COMPILER_GLOBAL_ACCENT_COLOR_NAME = AccentColor;
				CODE_SIGN_STYLE = Automatic;
				CURRENT_PROJECT_VERSION = 1;
				DEVELOPMENT_ASSET_PATHS = "\"SwiftUIBootcamp/Preview Content\"";
				ENABLE_PREVIEWS = YES;
				GENERATE_INFOPLIST_FILE = YES;
				INFOPLIST_KEY_UIApplicationSceneManifest_Generation = YES;
				INFOPLIST_KEY_UIApplicationSupportsIndirectInputEvents = YES;
				INFOPLIST_KEY_UILaunchScreen_Generation = YES;
				INFOPLIST_KEY_UISupportedInterfaceOrientations_iPad = "UIInterfaceOrientationPortrait UIInterfaceOrientationPortraitUpsideDown UIInterfaceOrientationLandscapeLeft UIInterfaceOrientationLandscapeRight";
				INFOPLIST_KEY_UISupportedInterfaceOrientations_iPhone = "UIInterfaceOrientationPortrait UIInterfaceOrientationLandscapeLeft UIInterfaceOrientationLandscapeRight";
				LD_RUNPATH_SEARCH_PATHS = (
					"$(inherited)",
					"@executable_path/Frameworks",
				);
				MARKETING_VERSION = 1.0;
				PRODUCT_BUNDLE_IDENTIFIER = "khanh-swiftUI.SwiftUIBootcamp";
				PRODUCT_NAME = "$(TARGET_NAME)";
				SWIFT_EMIT_LOC_STRINGS = YES;
				SWIFT_VERSION = 5.0;
				TARGETED_DEVICE_FAMILY = "1,2";
			};
			name = Debug;
		};
		A2AEB69229B2FC730050C235 /* Release */ = {
			isa = XCBuildConfiguration;
			buildSettings = {
				ASSETCATALOG_COMPILER_APPICON_NAME = AppIcon;
				ASSETCATALOG_COMPILER_GLOBAL_ACCENT_COLOR_NAME = AccentColor;
				CODE_SIGN_STYLE = Automatic;
				CURRENT_PROJECT_VERSION = 1;
				DEVELOPMENT_ASSET_PATHS = "\"SwiftUIBootcamp/Preview Content\"";
				ENABLE_PREVIEWS = YES;
				GENERATE_INFOPLIST_FILE = YES;
				INFOPLIST_KEY_UIApplicationSceneManifest_Generation = YES;
				INFOPLIST_KEY_UIApplicationSupportsIndirectInputEvents = YES;
				INFOPLIST_KEY_UILaunchScreen_Generation = YES;
				INFOPLIST_KEY_UISupportedInterfaceOrientations_iPad = "UIInterfaceOrientationPortrait UIInterfaceOrientationPortraitUpsideDown UIInterfaceOrientationLandscapeLeft UIInterfaceOrientationLandscapeRight";
				INFOPLIST_KEY_UISupportedInterfaceOrientations_iPhone = "UIInterfaceOrientationPortrait UIInterfaceOrientationLandscapeLeft UIInterfaceOrientationLandscapeRight";
				LD_RUNPATH_SEARCH_PATHS = (
					"$(inherited)",
					"@executable_path/Frameworks",
				);
				MARKETING_VERSION = 1.0;
				PRODUCT_BUNDLE_IDENTIFIER = "khanh-swiftUI.SwiftUIBootcamp";
				PRODUCT_NAME = "$(TARGET_NAME)";
				SWIFT_EMIT_LOC_STRINGS = YES;
				SWIFT_VERSION = 5.0;
				TARGETED_DEVICE_FAMILY = "1,2";
			};
			name = Release;
		};
		A2AEB69429B2FC730050C235 /* Debug */ = {
			isa = XCBuildConfiguration;
			buildSettings = {
				ALWAYS_EMBED_SWIFT_STANDARD_LIBRARIES = YES;
				BUNDLE_LOADER = "$(TEST_HOST)";
				CODE_SIGN_STYLE = Automatic;
				CURRENT_PROJECT_VERSION = 1;
				GENERATE_INFOPLIST_FILE = YES;
				IPHONEOS_DEPLOYMENT_TARGET = 16.2;
				MARKETING_VERSION = 1.0;
				PRODUCT_BUNDLE_IDENTIFIER = "khanh-swiftUI.SwiftUIBootcampTests";
				PRODUCT_NAME = "$(TARGET_NAME)";
				SWIFT_EMIT_LOC_STRINGS = NO;
				SWIFT_VERSION = 5.0;
				TARGETED_DEVICE_FAMILY = "1,2";
				TEST_HOST = "$(BUILT_PRODUCTS_DIR)/SwiftUIBootcamp.app/$(BUNDLE_EXECUTABLE_FOLDER_PATH)/SwiftUIBootcamp";
			};
			name = Debug;
		};
		A2AEB69529B2FC730050C235 /* Release */ = {
			isa = XCBuildConfiguration;
			buildSettings = {
				ALWAYS_EMBED_SWIFT_STANDARD_LIBRARIES = YES;
				BUNDLE_LOADER = "$(TEST_HOST)";
				CODE_SIGN_STYLE = Automatic;
				CURRENT_PROJECT_VERSION = 1;
				GENERATE_INFOPLIST_FILE = YES;
				IPHONEOS_DEPLOYMENT_TARGET = 16.2;
				MARKETING_VERSION = 1.0;
				PRODUCT_BUNDLE_IDENTIFIER = "khanh-swiftUI.SwiftUIBootcampTests";
				PRODUCT_NAME = "$(TARGET_NAME)";
				SWIFT_EMIT_LOC_STRINGS = NO;
				SWIFT_VERSION = 5.0;
				TARGETED_DEVICE_FAMILY = "1,2";
				TEST_HOST = "$(BUILT_PRODUCTS_DIR)/SwiftUIBootcamp.app/$(BUNDLE_EXECUTABLE_FOLDER_PATH)/SwiftUIBootcamp";
			};
			name = Release;
		};
		A2AEB69729B2FC730050C235 /* Debug */ = {
			isa = XCBuildConfiguration;
			buildSettings = {
				ALWAYS_EMBED_SWIFT_STANDARD_LIBRARIES = YES;
				CODE_SIGN_STYLE = Automatic;
				CURRENT_PROJECT_VERSION = 1;
				GENERATE_INFOPLIST_FILE = YES;
				MARKETING_VERSION = 1.0;
				PRODUCT_BUNDLE_IDENTIFIER = "khanh-swiftUI.SwiftUIBootcampUITests";
				PRODUCT_NAME = "$(TARGET_NAME)";
				SWIFT_EMIT_LOC_STRINGS = NO;
				SWIFT_VERSION = 5.0;
				TARGETED_DEVICE_FAMILY = "1,2";
				TEST_TARGET_NAME = SwiftUIBootcamp;
			};
			name = Debug;
		};
		A2AEB69829B2FC730050C235 /* Release */ = {
			isa = XCBuildConfiguration;
			buildSettings = {
				ALWAYS_EMBED_SWIFT_STANDARD_LIBRARIES = YES;
				CODE_SIGN_STYLE = Automatic;
				CURRENT_PROJECT_VERSION = 1;
				GENERATE_INFOPLIST_FILE = YES;
				MARKETING_VERSION = 1.0;
				PRODUCT_BUNDLE_IDENTIFIER = "khanh-swiftUI.SwiftUIBootcampUITests";
				PRODUCT_NAME = "$(TARGET_NAME)";
				SWIFT_EMIT_LOC_STRINGS = NO;
				SWIFT_VERSION = 5.0;
				TARGETED_DEVICE_FAMILY = "1,2";
				TEST_TARGET_NAME = SwiftUIBootcamp;
			};
			name = Release;
		};
/* End XCBuildConfiguration section */

/* Begin XCConfigurationList section */
		A2AEB66229B2FC720050C235 /* Build configuration list for PBXProject "SwiftUIBootcamp" */ = {
			isa = XCConfigurationList;
			buildConfigurations = (
				A2AEB68E29B2FC730050C235 /* Debug */,
				A2AEB68F29B2FC730050C235 /* Release */,
			);
			defaultConfigurationIsVisible = 0;
			defaultConfigurationName = Release;
		};
		A2AEB69029B2FC730050C235 /* Build configuration list for PBXNativeTarget "SwiftUIBootcamp" */ = {
			isa = XCConfigurationList;
			buildConfigurations = (
				A2AEB69129B2FC730050C235 /* Debug */,
				A2AEB69229B2FC730050C235 /* Release */,
			);
			defaultConfigurationIsVisible = 0;
			defaultConfigurationName = Release;
		};
		A2AEB69329B2FC730050C235 /* Build configuration list for PBXNativeTarget "SwiftUIBootcampTests" */ = {
			isa = XCConfigurationList;
			buildConfigurations = (
				A2AEB69429B2FC730050C235 /* Debug */,
				A2AEB69529B2FC730050C235 /* Release */,
			);
			defaultConfigurationIsVisible = 0;
			defaultConfigurationName = Release;
		};
		A2AEB69629B2FC730050C235 /* Build configuration list for PBXNativeTarget "SwiftUIBootcampUITests" */ = {
			isa = XCConfigurationList;
			buildConfigurations = (
				A2AEB69729B2FC730050C235 /* Debug */,
				A2AEB69829B2FC730050C235 /* Release */,
			);
			defaultConfigurationIsVisible = 0;
			defaultConfigurationName = Release;
		};
/* End XCConfigurationList section */

/* Begin XCVersionGroup section */
		A2AEB67529B2FC730050C235 /* SwiftUIBootcamp.xcdatamodeld */ = {
			isa = XCVersionGroup;
			children = (
				A2AEB67629B2FC730050C235 /* SwiftUIBootcamp.xcdatamodel */,
			);
			currentVersion = A2AEB67629B2FC730050C235 /* SwiftUIBootcamp.xcdatamodel */;
			path = SwiftUIBootcamp.xcdatamodeld;
			sourceTree = "<group>";
			versionGroupType = wrapper.xcdatamodel;
		};
/* End XCVersionGroup section */
	};
	rootObject = A2AEB65F29B2FC720050C235 /* Project object */;
}
